// !$*UTF8*$!
{
	archiveVersion = 1;
	classes = {
	};
	objectVersion = 55;
	objects = {

/* Begin PBXBuildFile section */
		29BFD10581005251E60B4D3E /* Pods_Parstagram_ParstagramUITests.framework in Frameworks */ = {isa = PBXBuildFile; fileRef = 1BF34127B07C25A8DD79F31E /* Pods_Parstagram_ParstagramUITests.framework */; };
		822A7E6027F0BF1B008BDB12 /* AppDelegate.swift in Sources */ = {isa = PBXBuildFile; fileRef = 822A7E5F27F0BF1B008BDB12 /* AppDelegate.swift */; };
		822A7E6227F0BF1B008BDB12 /* SceneDelegate.swift in Sources */ = {isa = PBXBuildFile; fileRef = 822A7E6127F0BF1B008BDB12 /* SceneDelegate.swift */; };
		822A7E6427F0BF1B008BDB12 /* ViewController.swift in Sources */ = {isa = PBXBuildFile; fileRef = 822A7E6327F0BF1B008BDB12 /* ViewController.swift */; };
		822A7E6727F0BF1B008BDB12 /* Main.storyboard in Resources */ = {isa = PBXBuildFile; fileRef = 822A7E6527F0BF1B008BDB12 /* Main.storyboard */; };
		822A7E6927F0BF1D008BDB12 /* Assets.xcassets in Resources */ = {isa = PBXBuildFile; fileRef = 822A7E6827F0BF1D008BDB12 /* Assets.xcassets */; };
		822A7E6C27F0BF1D008BDB12 /* LaunchScreen.storyboard in Resources */ = {isa = PBXBuildFile; fileRef = 822A7E6A27F0BF1D008BDB12 /* LaunchScreen.storyboard */; };
		822A7E7727F0BF1D008BDB12 /* ParstagramTests.swift in Sources */ = {isa = PBXBuildFile; fileRef = 822A7E7627F0BF1D008BDB12 /* ParstagramTests.swift */; };
		822A7E8127F0BF1D008BDB12 /* ParstagramUITests.swift in Sources */ = {isa = PBXBuildFile; fileRef = 822A7E8027F0BF1D008BDB12 /* ParstagramUITests.swift */; };
		822A7E8327F0BF1D008BDB12 /* ParstagramUITestsLaunchTests.swift in Sources */ = {isa = PBXBuildFile; fileRef = 822A7E8227F0BF1D008BDB12 /* ParstagramUITestsLaunchTests.swift */; };
		822A7E8F27F0C3F9008BDB12 /* Pods_Parstagram.framework in Frameworks */ = {isa = PBXBuildFile; fileRef = 4E854EC4E62D53DA1B3480DB /* Pods_Parstagram.framework */; };
		97BCFBE2E842D045991412E8 /* Pods_ParstagramTests.framework in Frameworks */ = {isa = PBXBuildFile; fileRef = 4BA131185D29F64957B0C7B5 /* Pods_ParstagramTests.framework */; };
/* End PBXBuildFile section */

/* Begin PBXContainerItemProxy section */
		822A7E7327F0BF1D008BDB12 /* PBXContainerItemProxy */ = {
			isa = PBXContainerItemProxy;
			containerPortal = 822A7E5427F0BF1B008BDB12 /* Project object */;
			proxyType = 1;
			remoteGlobalIDString = 822A7E5B27F0BF1B008BDB12;
			remoteInfo = Parstagram;
		};
		822A7E7D27F0BF1D008BDB12 /* PBXContainerItemProxy */ = {
			isa = PBXContainerItemProxy;
			containerPortal = 822A7E5427F0BF1B008BDB12 /* Project object */;
			proxyType = 1;
			remoteGlobalIDString = 822A7E5B27F0BF1B008BDB12;
			remoteInfo = Parstagram;
		};
/* End PBXContainerItemProxy section */

/* Begin PBXFileReference section */
		13208144DA1EBFD6D93A2C09 /* Pods-Parstagram-ParstagramUITests.debug.xcconfig */ = {isa = PBXFileReference; includeInIndex = 1; lastKnownFileType = text.xcconfig; name = "Pods-Parstagram-ParstagramUITests.debug.xcconfig"; path = "Target Support Files/Pods-Parstagram-ParstagramUITests/Pods-Parstagram-ParstagramUITests.debug.xcconfig"; sourceTree = "<group>"; };
		1BF34127B07C25A8DD79F31E /* Pods_Parstagram_ParstagramUITests.framework */ = {isa = PBXFileReference; explicitFileType = wrapper.framework; includeInIndex = 0; path = Pods_Parstagram_ParstagramUITests.framework; sourceTree = BUILT_PRODUCTS_DIR; };
		250ABD784FD259B6C66B1892 /* Pods-Parstagram.debug.xcconfig */ = {isa = PBXFileReference; includeInIndex = 1; lastKnownFileType = text.xcconfig; name = "Pods-Parstagram.debug.xcconfig"; path = "Target Support Files/Pods-Parstagram/Pods-Parstagram.debug.xcconfig"; sourceTree = "<group>"; };
		494420FC4B1FE07FFB027836 /* Pods-ParstagramTests.debug.xcconfig */ = {isa = PBXFileReference; includeInIndex = 1; lastKnownFileType = text.xcconfig; name = "Pods-ParstagramTests.debug.xcconfig"; path = "Target Support Files/Pods-ParstagramTests/Pods-ParstagramTests.debug.xcconfig"; sourceTree = "<group>"; };
		4BA131185D29F64957B0C7B5 /* Pods_ParstagramTests.framework */ = {isa = PBXFileReference; explicitFileType = wrapper.framework; includeInIndex = 0; path = Pods_ParstagramTests.framework; sourceTree = BUILT_PRODUCTS_DIR; };
		4E854EC4E62D53DA1B3480DB /* Pods_Parstagram.framework */ = {isa = PBXFileReference; explicitFileType = wrapper.framework; includeInIndex = 0; path = Pods_Parstagram.framework; sourceTree = BUILT_PRODUCTS_DIR; };
		822A7E5C27F0BF1B008BDB12 /* Parstagram.app */ = {isa = PBXFileReference; explicitFileType = wrapper.application; includeInIndex = 0; path = Parstagram.app; sourceTree = BUILT_PRODUCTS_DIR; };
		822A7E5F27F0BF1B008BDB12 /* AppDelegate.swift */ = {isa = PBXFileReference; lastKnownFileType = sourcecode.swift; path = AppDelegate.swift; sourceTree = "<group>"; };
		822A7E6127F0BF1B008BDB12 /* SceneDelegate.swift */ = {isa = PBXFileReference; lastKnownFileType = sourcecode.swift; path = SceneDelegate.swift; sourceTree = "<group>"; };
		822A7E6327F0BF1B008BDB12 /* ViewController.swift */ = {isa = PBXFileReference; lastKnownFileType = sourcecode.swift; path = ViewController.swift; sourceTree = "<group>"; };
		822A7E6627F0BF1B008BDB12 /* Base */ = {isa = PBXFileReference; lastKnownFileType = file.storyboard; name = Base; path = Base.lproj/Main.storyboard; sourceTree = "<group>"; };
		822A7E6827F0BF1D008BDB12 /* Assets.xcassets */ = {isa = PBXFileReference; lastKnownFileType = folder.assetcatalog; path = Assets.xcassets; sourceTree = "<group>"; };
		822A7E6B27F0BF1D008BDB12 /* Base */ = {isa = PBXFileReference; lastKnownFileType = file.storyboard; name = Base; path = Base.lproj/LaunchScreen.storyboard; sourceTree = "<group>"; };
		822A7E6D27F0BF1D008BDB12 /* Info.plist */ = {isa = PBXFileReference; lastKnownFileType = text.plist.xml; path = Info.plist; sourceTree = "<group>"; };
		822A7E7227F0BF1D008BDB12 /* ParstagramTests.xctest */ = {isa = PBXFileReference; explicitFileType = wrapper.cfbundle; includeInIndex = 0; path = ParstagramTests.xctest; sourceTree = BUILT_PRODUCTS_DIR; };
		822A7E7627F0BF1D008BDB12 /* ParstagramTests.swift */ = {isa = PBXFileReference; lastKnownFileType = sourcecode.swift; path = ParstagramTests.swift; sourceTree = "<group>"; };
		822A7E7C27F0BF1D008BDB12 /* ParstagramUITests.xctest */ = {isa = PBXFileReference; explicitFileType = wrapper.cfbundle; includeInIndex = 0; path = ParstagramUITests.xctest; sourceTree = BUILT_PRODUCTS_DIR; };
		822A7E8027F0BF1D008BDB12 /* ParstagramUITests.swift */ = {isa = PBXFileReference; lastKnownFileType = sourcecode.swift; path = ParstagramUITests.swift; sourceTree = "<group>"; };
		822A7E8227F0BF1D008BDB12 /* ParstagramUITestsLaunchTests.swift */ = {isa = PBXFileReference; lastKnownFileType = sourcecode.swift; path = ParstagramUITestsLaunchTests.swift; sourceTree = "<group>"; };
		8CCC7F2F69E219F823A27AF3 /* Pods-Parstagram-ParstagramUITests.release.xcconfig */ = {isa = PBXFileReference; includeInIndex = 1; lastKnownFileType = text.xcconfig; name = "Pods-Parstagram-ParstagramUITests.release.xcconfig"; path = "Target Support Files/Pods-Parstagram-ParstagramUITests/Pods-Parstagram-ParstagramUITests.release.xcconfig"; sourceTree = "<group>"; };
		C6D2D6747E5E4C426BE547D1 /* Pods-Parstagram.release.xcconfig */ = {isa = PBXFileReference; includeInIndex = 1; lastKnownFileType = text.xcconfig; name = "Pods-Parstagram.release.xcconfig"; path = "Target Support Files/Pods-Parstagram/Pods-Parstagram.release.xcconfig"; sourceTree = "<group>"; };
		FD4520FC1639070F0EA900CD /* Pods-ParstagramTests.release.xcconfig */ = {isa = PBXFileReference; includeInIndex = 1; lastKnownFileType = text.xcconfig; name = "Pods-ParstagramTests.release.xcconfig"; path = "Target Support Files/Pods-ParstagramTests/Pods-ParstagramTests.release.xcconfig"; sourceTree = "<group>"; };
/* End PBXFileReference section */

/* Begin PBXFrameworksBuildPhase section */
		822A7E5927F0BF1B008BDB12 /* Frameworks */ = {
			isa = PBXFrameworksBuildPhase;
			buildActionMask = 2147483647;
			files = (
				822A7E8F27F0C3F9008BDB12 /* Pods_Parstagram.framework in Frameworks */,
			);
			runOnlyForDeploymentPostprocessing = 0;
		};
		822A7E6F27F0BF1D008BDB12 /* Frameworks */ = {
			isa = PBXFrameworksBuildPhase;
			buildActionMask = 2147483647;
			files = (
				97BCFBE2E842D045991412E8 /* Pods_ParstagramTests.framework in Frameworks */,
			);
			runOnlyForDeploymentPostprocessing = 0;
		};
		822A7E7927F0BF1D008BDB12 /* Frameworks */ = {
			isa = PBXFrameworksBuildPhase;
			buildActionMask = 2147483647;
			files = (
				29BFD10581005251E60B4D3E /* Pods_Parstagram_ParstagramUITests.framework in Frameworks */,
			);
			runOnlyForDeploymentPostprocessing = 0;
		};
/* End PBXFrameworksBuildPhase section */

/* Begin PBXGroup section */
		2E41A034029BE427471ACE94 /* Pods */ = {
			isa = PBXGroup;
			children = (
				250ABD784FD259B6C66B1892 /* Pods-Parstagram.debug.xcconfig */,
				C6D2D6747E5E4C426BE547D1 /* Pods-Parstagram.release.xcconfig */,
				13208144DA1EBFD6D93A2C09 /* Pods-Parstagram-ParstagramUITests.debug.xcconfig */,
				8CCC7F2F69E219F823A27AF3 /* Pods-Parstagram-ParstagramUITests.release.xcconfig */,
				494420FC4B1FE07FFB027836 /* Pods-ParstagramTests.debug.xcconfig */,
				FD4520FC1639070F0EA900CD /* Pods-ParstagramTests.release.xcconfig */,
			);
			path = Pods;
			sourceTree = "<group>";
		};
		822A7E5327F0BF1B008BDB12 = {
			isa = PBXGroup;
			children = (
				822A7E5E27F0BF1B008BDB12 /* Parstagram */,
				822A7E7527F0BF1D008BDB12 /* ParstagramTests */,
				822A7E7F27F0BF1D008BDB12 /* ParstagramUITests */,
				822A7E5D27F0BF1B008BDB12 /* Products */,
				2E41A034029BE427471ACE94 /* Pods */,
				FD4224122CA43A08735D8429 /* Frameworks */,
			);
			sourceTree = "<group>";
		};
		822A7E5D27F0BF1B008BDB12 /* Products */ = {
			isa = PBXGroup;
			children = (
				822A7E5C27F0BF1B008BDB12 /* Parstagram.app */,
				822A7E7227F0BF1D008BDB12 /* ParstagramTests.xctest */,
				822A7E7C27F0BF1D008BDB12 /* ParstagramUITests.xctest */,
			);
			name = Products;
			sourceTree = "<group>";
		};
		822A7E5E27F0BF1B008BDB12 /* Parstagram */ = {
			isa = PBXGroup;
			children = (
				822A7E5F27F0BF1B008BDB12 /* AppDelegate.swift */,
				822A7E6127F0BF1B008BDB12 /* SceneDelegate.swift */,
				822A7E6327F0BF1B008BDB12 /* ViewController.swift */,
				822A7E6527F0BF1B008BDB12 /* Main.storyboard */,
				822A7E6827F0BF1D008BDB12 /* Assets.xcassets */,
				822A7E6A27F0BF1D008BDB12 /* LaunchScreen.storyboard */,
				822A7E6D27F0BF1D008BDB12 /* Info.plist */,
			);
			path = Parstagram;
			sourceTree = "<group>";
		};
		822A7E7527F0BF1D008BDB12 /* ParstagramTests */ = {
			isa = PBXGroup;
			children = (
				822A7E7627F0BF1D008BDB12 /* ParstagramTests.swift */,
			);
			path = ParstagramTests;
			sourceTree = "<group>";
		};
		822A7E7F27F0BF1D008BDB12 /* ParstagramUITests */ = {
			isa = PBXGroup;
			children = (
				822A7E8027F0BF1D008BDB12 /* ParstagramUITests.swift */,
				822A7E8227F0BF1D008BDB12 /* ParstagramUITestsLaunchTests.swift */,
			);
			path = ParstagramUITests;
			sourceTree = "<group>";
		};
		FD4224122CA43A08735D8429 /* Frameworks */ = {
			isa = PBXGroup;
			children = (
				4E854EC4E62D53DA1B3480DB /* Pods_Parstagram.framework */,
				1BF34127B07C25A8DD79F31E /* Pods_Parstagram_ParstagramUITests.framework */,
				4BA131185D29F64957B0C7B5 /* Pods_ParstagramTests.framework */,
			);
			name = Frameworks;
			sourceTree = "<group>";
		};
/* End PBXGroup section */

/* Begin PBXNativeTarget section */
		822A7E5B27F0BF1B008BDB12 /* Parstagram */ = {
			isa = PBXNativeTarget;
			buildConfigurationList = 822A7E8627F0BF1D008BDB12 /* Build configuration list for PBXNativeTarget "Parstagram" */;
			buildPhases = (
				ED1A21536C9824415D4FE955 /* [CP] Check Pods Manifest.lock */,
				822A7E5827F0BF1B008BDB12 /* Sources */,
				822A7E5927F0BF1B008BDB12 /* Frameworks */,
				822A7E5A27F0BF1B008BDB12 /* Resources */,
				2AB645D609065356A2F4CC40 /* [CP] Embed Pods Frameworks */,
			);
			buildRules = (
			);
			dependencies = (
			);
			name = Parstagram;
			productName = Parstagram;
			productReference = 822A7E5C27F0BF1B008BDB12 /* Parstagram.app */;
			productType = "com.apple.product-type.application";
		};
		822A7E7127F0BF1D008BDB12 /* ParstagramTests */ = {
			isa = PBXNativeTarget;
			buildConfigurationList = 822A7E8927F0BF1D008BDB12 /* Build configuration list for PBXNativeTarget "ParstagramTests" */;
			buildPhases = (
				38BE47DB8593CBBE7E3132F1 /* [CP] Check Pods Manifest.lock */,
				822A7E6E27F0BF1D008BDB12 /* Sources */,
				822A7E6F27F0BF1D008BDB12 /* Frameworks */,
				822A7E7027F0BF1D008BDB12 /* Resources */,
				792363DF9637699E0511B71C /* [CP] Embed Pods Frameworks */,
			);
			buildRules = (
			);
			dependencies = (
				822A7E7427F0BF1D008BDB12 /* PBXTargetDependency */,
			);
			name = ParstagramTests;
			productName = ParstagramTests;
			productReference = 822A7E7227F0BF1D008BDB12 /* ParstagramTests.xctest */;
			productType = "com.apple.product-type.bundle.unit-test";
		};
		822A7E7B27F0BF1D008BDB12 /* ParstagramUITests */ = {
			isa = PBXNativeTarget;
			buildConfigurationList = 822A7E8C27F0BF1D008BDB12 /* Build configuration list for PBXNativeTarget "ParstagramUITests" */;
			buildPhases = (
				CC81A5BF6E48529AC0D85A39 /* [CP] Check Pods Manifest.lock */,
				822A7E7827F0BF1D008BDB12 /* Sources */,
				822A7E7927F0BF1D008BDB12 /* Frameworks */,
				822A7E7A27F0BF1D008BDB12 /* Resources */,
				3496011F13EF7ECEC8C8734F /* [CP] Embed Pods Frameworks */,
			);
			buildRules = (
			);
			dependencies = (
				822A7E7E27F0BF1D008BDB12 /* PBXTargetDependency */,
			);
			name = ParstagramUITests;
			productName = ParstagramUITests;
			productReference = 822A7E7C27F0BF1D008BDB12 /* ParstagramUITests.xctest */;
			productType = "com.apple.product-type.bundle.ui-testing";
		};
/* End PBXNativeTarget section */

/* Begin PBXProject section */
		822A7E5427F0BF1B008BDB12 /* Project object */ = {
			isa = PBXProject;
			attributes = {
				BuildIndependentTargetsInParallel = 1;
				LastSwiftUpdateCheck = 1330;
				LastUpgradeCheck = 1330;
				TargetAttributes = {
					822A7E5B27F0BF1B008BDB12 = {
						CreatedOnToolsVersion = 13.3;
					};
					822A7E7127F0BF1D008BDB12 = {
						CreatedOnToolsVersion = 13.3;
						TestTargetID = 822A7E5B27F0BF1B008BDB12;
					};
					822A7E7B27F0BF1D008BDB12 = {
						CreatedOnToolsVersion = 13.3;
						TestTargetID = 822A7E5B27F0BF1B008BDB12;
					};
				};
			};
			buildConfigurationList = 822A7E5727F0BF1B008BDB12 /* Build configuration list for PBXProject "Parstagram" */;
			compatibilityVersion = "Xcode 13.0";
			developmentRegion = en;
			hasScannedForEncodings = 0;
			knownRegions = (
				en,
				Base,
			);
			mainGroup = 822A7E5327F0BF1B008BDB12;
			productRefGroup = 822A7E5D27F0BF1B008BDB12 /* Products */;
			projectDirPath = "";
			projectRoot = "";
			targets = (
				822A7E5B27F0BF1B008BDB12 /* Parstagram */,
				822A7E7127F0BF1D008BDB12 /* ParstagramTests */,
				822A7E7B27F0BF1D008BDB12 /* ParstagramUITests */,
			);
		};
/* End PBXProject section */

/* Begin PBXResourcesBuildPhase section */
		822A7E5A27F0BF1B008BDB12 /* Resources */ = {
			isa = PBXResourcesBuildPhase;
			buildActionMask = 2147483647;
			files = (
				822A7E6C27F0BF1D008BDB12 /* LaunchScreen.storyboard in Resources */,
				822A7E6927F0BF1D008BDB12 /* Assets.xcassets in Resources */,
				822A7E6727F0BF1B008BDB12 /* Main.storyboard in Resources */,
			);
			runOnlyForDeploymentPostprocessing = 0;
		};
		822A7E7027F0BF1D008BDB12 /* Resources */ = {
			isa = PBXResourcesBuildPhase;
			buildActionMask = 2147483647;
			files = (
			);
			runOnlyForDeploymentPostprocessing = 0;
		};
		822A7E7A27F0BF1D008BDB12 /* Resources */ = {
			isa = PBXResourcesBuildPhase;
			buildActionMask = 2147483647;
			files = (
			);
			runOnlyForDeploymentPostprocessing = 0;
		};
/* End PBXResourcesBuildPhase section */

/* Begin PBXShellScriptBuildPhase section */
		2AB645D609065356A2F4CC40 /* [CP] Embed Pods Frameworks */ = {
			isa = PBXShellScriptBuildPhase;
			buildActionMask = 2147483647;
			files = (
			);
			inputFileListPaths = (
				"${PODS_ROOT}/Target Support Files/Pods-Parstagram/Pods-Parstagram-frameworks-${CONFIGURATION}-input-files.xcfilelist",
			);
			name = "[CP] Embed Pods Frameworks";
			outputFileListPaths = (
				"${PODS_ROOT}/Target Support Files/Pods-Parstagram/Pods-Parstagram-frameworks-${CONFIGURATION}-output-files.xcfilelist",
			);
			runOnlyForDeploymentPostprocessing = 0;
			shellPath = /bin/sh;
			shellScript = "\"${PODS_ROOT}/Target Support Files/Pods-Parstagram/Pods-Parstagram-frameworks.sh\"\n";
			showEnvVarsInLog = 0;
		};
		3496011F13EF7ECEC8C8734F /* [CP] Embed Pods Frameworks */ = {
			isa = PBXShellScriptBuildPhase;
			buildActionMask = 2147483647;
			files = (
			);
			inputFileListPaths = (
				"${PODS_ROOT}/Target Support Files/Pods-Parstagram-ParstagramUITests/Pods-Parstagram-ParstagramUITests-frameworks-${CONFIGURATION}-input-files.xcfilelist",
			);
			name = "[CP] Embed Pods Frameworks";
			outputFileListPaths = (
				"${PODS_ROOT}/Target Support Files/Pods-Parstagram-ParstagramUITests/Pods-Parstagram-ParstagramUITests-frameworks-${CONFIGURATION}-output-files.xcfilelist",
			);
			runOnlyForDeploymentPostprocessing = 0;
			shellPath = /bin/sh;
			shellScript = "\"${PODS_ROOT}/Target Support Files/Pods-Parstagram-ParstagramUITests/Pods-Parstagram-ParstagramUITests-frameworks.sh\"\n";
			showEnvVarsInLog = 0;
		};
		38BE47DB8593CBBE7E3132F1 /* [CP] Check Pods Manifest.lock */ = {
			isa = PBXShellScriptBuildPhase;
			buildActionMask = 2147483647;
			files = (
			);
			inputFileListPaths = (
			);
			inputPaths = (
				"${PODS_PODFILE_DIR_PATH}/Podfile.lock",
				"${PODS_ROOT}/Manifest.lock",
			);
			name = "[CP] Check Pods Manifest.lock";
			outputFileListPaths = (
			);
			outputPaths = (
				"$(DERIVED_FILE_DIR)/Pods-ParstagramTests-checkManifestLockResult.txt",
			);
			runOnlyForDeploymentPostprocessing = 0;
			shellPath = /bin/sh;
			shellScript = "diff \"${PODS_PODFILE_DIR_PATH}/Podfile.lock\" \"${PODS_ROOT}/Manifest.lock\" > /dev/null\nif [ $? != 0 ] ; then\n    # print error to STDERR\n    echo \"error: The sandbox is not in sync with the Podfile.lock. Run 'pod install' or update your CocoaPods installation.\" >&2\n    exit 1\nfi\n# This output is used by Xcode 'outputs' to avoid re-running this script phase.\necho \"SUCCESS\" > \"${SCRIPT_OUTPUT_FILE_0}\"\n";
			showEnvVarsInLog = 0;
		};
		792363DF9637699E0511B71C /* [CP] Embed Pods Frameworks */ = {
			isa = PBXShellScriptBuildPhase;
			buildActionMask = 2147483647;
			files = (
			);
			inputFileListPaths = (
				"${PODS_ROOT}/Target Support Files/Pods-ParstagramTests/Pods-ParstagramTests-frameworks-${CONFIGURATION}-input-files.xcfilelist",
			);
			name = "[CP] Embed Pods Frameworks";
			outputFileListPaths = (
				"${PODS_ROOT}/Target Support Files/Pods-ParstagramTests/Pods-ParstagramTests-frameworks-${CONFIGURATION}-output-files.xcfilelist",
			);
			runOnlyForDeploymentPostprocessing = 0;
			shellPath = /bin/sh;
			shellScript = "\"${PODS_ROOT}/Target Support Files/Pods-ParstagramTests/Pods-ParstagramTests-frameworks.sh\"\n";
			showEnvVarsInLog = 0;
		};
		CC81A5BF6E48529AC0D85A39 /* [CP] Check Pods Manifest.lock */ = {
			isa = PBXShellScriptBuildPhase;
			buildActionMask = 2147483647;
			files = (
			);
			inputFileListPaths = (
			);
			inputPaths = (
				"${PODS_PODFILE_DIR_PATH}/Podfile.lock",
				"${PODS_ROOT}/Manifest.lock",
			);
			name = "[CP] Check Pods Manifest.lock";
			outputFileListPaths = (
			);
			outputPaths = (
				"$(DERIVED_FILE_DIR)/Pods-Parstagram-ParstagramUITests-checkManifestLockResult.txt",
			);
			runOnlyForDeploymentPostprocessing = 0;
			shellPath = /bin/sh;
			shellScript = "diff \"${PODS_PODFILE_DIR_PATH}/Podfile.lock\" \"${PODS_ROOT}/Manifest.lock\" > /dev/null\nif [ $? != 0 ] ; then\n    # print error to STDERR\n    echo \"error: The sandbox is not in sync with the Podfile.lock. Run 'pod install' or update your CocoaPods installation.\" >&2\n    exit 1\nfi\n# This output is used by Xcode 'outputs' to avoid re-running this script phase.\necho \"SUCCESS\" > \"${SCRIPT_OUTPUT_FILE_0}\"\n";
			showEnvVarsInLog = 0;
		};
		ED1A21536C9824415D4FE955 /* [CP] Check Pods Manifest.lock */ = {
			isa = PBXShellScriptBuildPhase;
			buildActionMask = 2147483647;
			files = (
			);
			inputFileListPaths = (
			);
			inputPaths = (
				"${PODS_PODFILE_DIR_PATH}/Podfile.lock",
				"${PODS_ROOT}/Manifest.lock",
			);
			name = "[CP] Check Pods Manifest.lock";
			outputFileListPaths = (
			);
			outputPaths = (
				"$(DERIVED_FILE_DIR)/Pods-Parstagram-checkManifestLockResult.txt",
			);
			runOnlyForDeploymentPostprocessing = 0;
			shellPath = /bin/sh;
			shellScript = "diff \"${PODS_PODFILE_DIR_PATH}/Podfile.lock\" \"${PODS_ROOT}/Manifest.lock\" > /dev/null\nif [ $? != 0 ] ; then\n    # print error to STDERR\n    echo \"error: The sandbox is not in sync with the Podfile.lock. Run 'pod install' or update your CocoaPods installation.\" >&2\n    exit 1\nfi\n# This output is used by Xcode 'outputs' to avoid re-running this script phase.\necho \"SUCCESS\" > \"${SCRIPT_OUTPUT_FILE_0}\"\n";
			showEnvVarsInLog = 0;
		};
/* End PBXShellScriptBuildPhase section */

/* Begin PBXSourcesBuildPhase section */
		822A7E5827F0BF1B008BDB12 /* Sources */ = {
			isa = PBXSourcesBuildPhase;
			buildActionMask = 2147483647;
			files = (
				822A7E6427F0BF1B008BDB12 /* ViewController.swift in Sources */,
				822A7E6027F0BF1B008BDB12 /* AppDelegate.swift in Sources */,
				822A7E6227F0BF1B008BDB12 /* SceneDelegate.swift in Sources */,
			);
			runOnlyForDeploymentPostprocessing = 0;
		};
		822A7E6E27F0BF1D008BDB12 /* Sources */ = {
			isa = PBXSourcesBuildPhase;
			buildActionMask = 2147483647;
			files = (
				822A7E7727F0BF1D008BDB12 /* ParstagramTests.swift in Sources */,
			);
			runOnlyForDeploymentPostprocessing = 0;
		};
		822A7E7827F0BF1D008BDB12 /* Sources */ = {
			isa = PBXSourcesBuildPhase;
			buildActionMask = 2147483647;
			files = (
				822A7E8327F0BF1D008BDB12 /* ParstagramUITestsLaunchTests.swift in Sources */,
				822A7E8127F0BF1D008BDB12 /* ParstagramUITests.swift in Sources */,
			);
			runOnlyForDeploymentPostprocessing = 0;
		};
/* End PBXSourcesBuildPhase section */

/* Begin PBXTargetDependency section */
		822A7E7427F0BF1D008BDB12 /* PBXTargetDependency */ = {
			isa = PBXTargetDependency;
			target = 822A7E5B27F0BF1B008BDB12 /* Parstagram */;
			targetProxy = 822A7E7327F0BF1D008BDB12 /* PBXContainerItemProxy */;
		};
		822A7E7E27F0BF1D008BDB12 /* PBXTargetDependency */ = {
			isa = PBXTargetDependency;
			target = 822A7E5B27F0BF1B008BDB12 /* Parstagram */;
			targetProxy = 822A7E7D27F0BF1D008BDB12 /* PBXContainerItemProxy */;
		};
/* End PBXTargetDependency section */

/* Begin PBXVariantGroup section */
		822A7E6527F0BF1B008BDB12 /* Main.storyboard */ = {
			isa = PBXVariantGroup;
			children = (
				822A7E6627F0BF1B008BDB12 /* Base */,
			);
			name = Main.storyboard;
			sourceTree = "<group>";
		};
		822A7E6A27F0BF1D008BDB12 /* LaunchScreen.storyboard */ = {
			isa = PBXVariantGroup;
			children = (
				822A7E6B27F0BF1D008BDB12 /* Base */,
			);
			name = LaunchScreen.storyboard;
			sourceTree = "<group>";
		};
/* End PBXVariantGroup section */

/* Begin XCBuildConfiguration section */
		822A7E8427F0BF1D008BDB12 /* Debug */ = {
			isa = XCBuildConfiguration;
			buildSettings = {
				ALWAYS_SEARCH_USER_PATHS = NO;
				CLANG_ANALYZER_NONNULL = YES;
				CLANG_ANALYZER_NUMBER_OBJECT_CONVERSION = YES_AGGRESSIVE;
				CLANG_CXX_LANGUAGE_STANDARD = "gnu++17";
				CLANG_ENABLE_MODULES = YES;
				CLANG_ENABLE_OBJC_ARC = YES;
				CLANG_ENABLE_OBJC_WEAK = YES;
				CLANG_WARN_BLOCK_CAPTURE_AUTORELEASING = YES;
				CLANG_WARN_BOOL_CONVERSION = YES;
				CLANG_WARN_COMMA = YES;
				CLANG_WARN_CONSTANT_CONVERSION = YES;
				CLANG_WARN_DEPRECATED_OBJC_IMPLEMENTATIONS = YES;
				CLANG_WARN_DIRECT_OBJC_ISA_USAGE = YES_ERROR;
				CLANG_WARN_DOCUMENTATION_COMMENTS = YES;
				CLANG_WARN_EMPTY_BODY = YES;
				CLANG_WARN_ENUM_CONVERSION = YES;
				CLANG_WARN_INFINITE_RECURSION = YES;
				CLANG_WARN_INT_CONVERSION = YES;
				CLANG_WARN_NON_LITERAL_NULL_CONVERSION = YES;
				CLANG_WARN_OBJC_IMPLICIT_RETAIN_SELF = YES;
				CLANG_WARN_OBJC_LITERAL_CONVERSION = YES;
				CLANG_WARN_OBJC_ROOT_CLASS = YES_ERROR;
				CLANG_WARN_QUOTED_INCLUDE_IN_FRAMEWORK_HEADER = YES;
				CLANG_WARN_RANGE_LOOP_ANALYSIS = YES;
				CLANG_WARN_STRICT_PROTOTYPES = YES;
				CLANG_WARN_SUSPICIOUS_MOVE = YES;
				CLANG_WARN_UNGUARDED_AVAILABILITY = YES_AGGRESSIVE;
				CLANG_WARN_UNREACHABLE_CODE = YES;
				CLANG_WARN__DUPLICATE_METHOD_MATCH = YES;
				COPY_PHASE_STRIP = NO;
				DEBUG_INFORMATION_FORMAT = dwarf;
				ENABLE_STRICT_OBJC_MSGSEND = YES;
				ENABLE_TESTABILITY = YES;
				GCC_C_LANGUAGE_STANDARD = gnu11;
				GCC_DYNAMIC_NO_PIC = NO;
				GCC_NO_COMMON_BLOCKS = YES;
				GCC_OPTIMIZATION_LEVEL = 0;
				GCC_PREPROCESSOR_DEFINITIONS = (
					"DEBUG=1",
					"$(inherited)",
				);
				GCC_WARN_64_TO_32_BIT_CONVERSION = YES;
				GCC_WARN_ABOUT_RETURN_TYPE = YES_ERROR;
				GCC_WARN_UNDECLARED_SELECTOR = YES;
				GCC_WARN_UNINITIALIZED_AUTOS = YES_AGGRESSIVE;
				GCC_WARN_UNUSED_FUNCTION = YES;
				GCC_WARN_UNUSED_VARIABLE = YES;
				IPHONEOS_DEPLOYMENT_TARGET = 15.4;
				MTL_ENABLE_DEBUG_INFO = INCLUDE_SOURCE;
				MTL_FAST_MATH = YES;
				ONLY_ACTIVE_ARCH = YES;
				SDKROOT = iphoneos;
				SWIFT_ACTIVE_COMPILATION_CONDITIONS = DEBUG;
				SWIFT_OPTIMIZATION_LEVEL = "-Onone";
			};
			name = Debug;
		};
		822A7E8527F0BF1D008BDB12 /* Release */ = {
			isa = XCBuildConfiguration;
			buildSettings = {
				ALWAYS_SEARCH_USER_PATHS = NO;
				CLANG_ANALYZER_NONNULL = YES;
				CLANG_ANALYZER_NUMBER_OBJECT_CONVERSION = YES_AGGRESSIVE;
				CLANG_CXX_LANGUAGE_STANDARD = "gnu++17";
				CLANG_ENABLE_MODULES = YES;
				CLANG_ENABLE_OBJC_ARC = YES;
				CLANG_ENABLE_OBJC_WEAK = YES;
				CLANG_WARN_BLOCK_CAPTURE_AUTORELEASING = YES;
				CLANG_WARN_BOOL_CONVERSION = YES;
				CLANG_WARN_COMMA = YES;
				CLANG_WARN_CONSTANT_CONVERSION = YES;
				CLANG_WARN_DEPRECATED_OBJC_IMPLEMENTATIONS = YES;
				CLANG_WARN_DIRECT_OBJC_ISA_USAGE = YES_ERROR;
				CLANG_WARN_DOCUMENTATION_COMMENTS = YES;
				CLANG_WARN_EMPTY_BODY = YES;
				CLANG_WARN_ENUM_CONVERSION = YES;
				CLANG_WARN_INFINITE_RECURSION = YES;
				CLANG_WARN_INT_CONVERSION = YES;
				CLANG_WARN_NON_LITERAL_NULL_CONVERSION = YES;
				CLANG_WARN_OBJC_IMPLICIT_RETAIN_SELF = YES;
				CLANG_WARN_OBJC_LITERAL_CONVERSION = YES;
				CLANG_WARN_OBJC_ROOT_CLASS = YES_ERROR;
				CLANG_WARN_QUOTED_INCLUDE_IN_FRAMEWORK_HEADER = YES;
				CLANG_WARN_RANGE_LOOP_ANALYSIS = YES;
				CLANG_WARN_STRICT_PROTOTYPES = YES;
				CLANG_WARN_SUSPICIOUS_MOVE = YES;
				CLANG_WARN_UNGUARDED_AVAILABILITY = YES_AGGRESSIVE;
				CLANG_WARN_UNREACHABLE_CODE = YES;
				CLANG_WARN__DUPLICATE_METHOD_MATCH = YES;
				COPY_PHASE_STRIP = NO;
				DEBUG_INFORMATION_FORMAT = "dwarf-with-dsym";
				ENABLE_NS_ASSERTIONS = NO;
				ENABLE_STRICT_OBJC_MSGSEND = YES;
				GCC_C_LANGUAGE_STANDARD = gnu11;
				GCC_NO_COMMON_BLOCKS = YES;
				GCC_WARN_64_TO_32_BIT_CONVERSION = YES;
				GCC_WARN_ABOUT_RETURN_TYPE = YES_ERROR;
				GCC_WARN_UNDECLARED_SELECTOR = YES;
				GCC_WARN_UNINITIALIZED_AUTOS = YES_AGGRESSIVE;
				GCC_WARN_UNUSED_FUNCTION = YES;
				GCC_WARN_UNUSED_VARIABLE = YES;
				IPHONEOS_DEPLOYMENT_TARGET = 15.4;
				MTL_ENABLE_DEBUG_INFO = NO;
				MTL_FAST_MATH = YES;
				SDKROOT = iphoneos;
				SWIFT_COMPILATION_MODE = wholemodule;
				SWIFT_OPTIMIZATION_LEVEL = "-O";
				VALIDATE_PRODUCT = YES;
			};
			name = Release;
		};
		822A7E8727F0BF1D008BDB12 /* Debug */ = {
			isa = XCBuildConfiguration;
			baseConfigurationReference = 250ABD784FD259B6C66B1892 /* Pods-Parstagram.debug.xcconfig */;
			buildSettings = {
				ASSETCATALOG_COMPILER_APPICON_NAME = AppIcon;
				ASSETCATALOG_COMPILER_GLOBAL_ACCENT_COLOR_NAME = AccentColor;
				CODE_SIGN_STYLE = Automatic;
				CURRENT_PROJECT_VERSION = 1;
				DEVELOPMENT_TEAM = 87W74Y6HTP;
				FRAMEWORK_SEARCH_PATHS = (
					"$(inherited)",
					"\"${PODS_CONFIGURATION_BUILD_DIR}/Bolts\"",
					"\"${PODS_CONFIGURATION_BUILD_DIR}/Parse\"",
					"$(PROJECT_DIR)",
				);
				GENERATE_INFOPLIST_FILE = YES;
				INFOPLIST_FILE = Parstagram/Info.plist;
				INFOPLIST_KEY_UIApplicationSupportsIndirectInputEvents = YES;
				INFOPLIST_KEY_UILaunchStoryboardName = LaunchScreen;
				INFOPLIST_KEY_UIMainStoryboardFile = Main;
				INFOPLIST_KEY_UISupportedInterfaceOrientations = UIInterfaceOrientationPortrait;
				INFOPLIST_KEY_UISupportedInterfaceOrientations_iPad = "UIInterfaceOrientationPortrait UIInterfaceOrientationPortraitUpsideDown UIInterfaceOrientationLandscapeLeft UIInterfaceOrientationLandscapeRight";
				INFOPLIST_KEY_UISupportedInterfaceOrientations_iPhone = "UIInterfaceOrientationPortrait UIInterfaceOrientationLandscapeLeft UIInterfaceOrientationLandscapeRight";
				IPHONEOS_DEPLOYMENT_TARGET = 13.0;
				LD_RUNPATH_SEARCH_PATHS = (
					"$(inherited)",
					"@executable_path/Frameworks",
				);
				MARKETING_VERSION = 1.0;
				PRODUCT_BUNDLE_IDENTIFIER = com.cheahwh123.Parstagram;
				PRODUCT_NAME = "$(TARGET_NAME)";
				SWIFT_EMIT_LOC_STRINGS = YES;
				SWIFT_VERSION = 5.0;
				TARGETED_DEVICE_FAMILY = 1;
			};
			name = Debug;
		};
		822A7E8827F0BF1D008BDB12 /* Release */ = {
			isa = XCBuildConfiguration;
			baseConfigurationReference = C6D2D6747E5E4C426BE547D1 /* Pods-Parstagram.release.xcconfig */;
			buildSettings = {
				ASSETCATALOG_COMPILER_APPICON_NAME = AppIcon;
				ASSETCATALOG_COMPILER_GLOBAL_ACCENT_COLOR_NAME = AccentColor;
				CODE_SIGN_STYLE = Automatic;
				CURRENT_PROJECT_VERSION = 1;
				DEVELOPMENT_TEAM = 87W74Y6HTP;
				FRAMEWORK_SEARCH_PATHS = (
					"$(inherited)",
					"\"${PODS_CONFIGURATION_BUILD_DIR}/Bolts\"",
					"\"${PODS_CONFIGURATION_BUILD_DIR}/Parse\"",
					"$(PROJECT_DIR)",
				);
				GENERATE_INFOPLIST_FILE = YES;
				INFOPLIST_FILE = Parstagram/Info.plist;
				INFOPLIST_KEY_UIApplicationSupportsIndirectInputEvents = YES;
				INFOPLIST_KEY_UILaunchStoryboardName = LaunchScreen;
				INFOPLIST_KEY_UIMainStoryboardFile = Main;
				INFOPLIST_KEY_UISupportedInterfaceOrientations = UIInterfaceOrientationPortrait;
				INFOPLIST_KEY_UISupportedInterfaceOrientations_iPad = "UIInterfaceOrientationPortrait UIInterfaceOrientationPortraitUpsideDown UIInterfaceOrientationLandscapeLeft UIInterfaceOrientationLandscapeRight";
				INFOPLIST_KEY_UISupportedInterfaceOrientations_iPhone = "UIInterfaceOrientationPortrait UIInterfaceOrientationLandscapeLeft UIInterfaceOrientationLandscapeRight";
				IPHONEOS_DEPLOYMENT_TARGET = 13.0;
				LD_RUNPATH_SEARCH_PATHS = (
					"$(inherited)",
					"@executable_path/Frameworks",
				);
				MARKETING_VERSION = 1.0;
				PRODUCT_BUNDLE_IDENTIFIER = com.cheahwh123.Parstagram;
				PRODUCT_NAME = "$(TARGET_NAME)";
				SWIFT_EMIT_LOC_STRINGS = YES;
				SWIFT_VERSION = 5.0;
				TARGETED_DEVICE_FAMILY = 1;
			};
			name = Release;
		};
		822A7E8A27F0BF1D008BDB12 /* Debug */ = {
			isa = XCBuildConfiguration;
			baseConfigurationReference = 494420FC4B1FE07FFB027836 /* Pods-ParstagramTests.debug.xcconfig */;
			buildSettings = {
				ALWAYS_EMBED_SWIFT_STANDARD_LIBRARIES = YES;
				BUNDLE_LOADER = "$(TEST_HOST)";
				CODE_SIGN_STYLE = Automatic;
				CURRENT_PROJECT_VERSION = 1;
				DEVELOPMENT_TEAM = 87W74Y6HTP;
				GENERATE_INFOPLIST_FILE = YES;
				IPHONEOS_DEPLOYMENT_TARGET = 15.4;
				MARKETING_VERSION = 1.0;
				PRODUCT_BUNDLE_IDENTIFIER = com.cheahwh123.ParstagramTests;
				PRODUCT_NAME = "$(TARGET_NAME)";
				SWIFT_EMIT_LOC_STRINGS = NO;
				SWIFT_VERSION = 5.0;
				TARGETED_DEVICE_FAMILY = "1,2";
				TEST_HOST = "$(BUILT_PRODUCTS_DIR)/Parstagram.app/Parstagram";
			};
			name = Debug;
		};
		822A7E8B27F0BF1D008BDB12 /* Release */ = {
			isa = XCBuildConfiguration;
			baseConfigurationReference = FD4520FC1639070F0EA900CD /* Pods-ParstagramTests.release.xcconfig */;
			buildSettings = {
				ALWAYS_EMBED_SWIFT_STANDARD_LIBRARIES = YES;
				BUNDLE_LOADER = "$(TEST_HOST)";
				CODE_SIGN_STYLE = Automatic;
				CURRENT_PROJECT_VERSION = 1;
				DEVELOPMENT_TEAM = 87W74Y6HTP;
				GENERATE_INFOPLIST_FILE = YES;
				IPHONEOS_DEPLOYMENT_TARGET = 15.4;
				MARKETING_VERSION = 1.0;
				PRODUCT_BUNDLE_IDENTIFIER = com.cheahwh123.ParstagramTests;
				PRODUCT_NAME = "$(TARGET_NAME)";
				SWIFT_EMIT_LOC_STRINGS = NO;
				SWIFT_VERSION = 5.0;
				TARGETED_DEVICE_FAMILY = "1,2";
				TEST_HOST = "$(BUILT_PRODUCTS_DIR)/Parstagram.app/Parstagram";
			};
			name = Release;
		};
		822A7E8D27F0BF1D008BDB12 /* Debug */ = {
			isa = XCBuildConfiguration;
			baseConfigurationReference = 13208144DA1EBFD6D93A2C09 /* Pods-Parstagram-ParstagramUITests.debug.xcconfig */;
			buildSettings = {
				ALWAYS_EMBED_SWIFT_STANDARD_LIBRARIES = YES;
				CODE_SIGN_STYLE = Automatic;
				CURRENT_PROJECT_VERSION = 1;
				DEVELOPMENT_TEAM = 87W74Y6HTP;
				GENERATE_INFOPLIST_FILE = YES;
				MARKETING_VERSION = 1.0;
				PRODUCT_BUNDLE_IDENTIFIER = com.cheahwh123.ParstagramUITests;
				PRODUCT_NAME = "$(TARGET_NAME)";
				SWIFT_EMIT_LOC_STRINGS = NO;
				SWIFT_VERSION = 5.0;
				TARGETED_DEVICE_FAMILY = "1,2";
				TEST_TARGET_NAME = Parstagram;
			};
			name = Debug;
		};
		822A7E8E27F0BF1D008BDB12 /* Release */ = {
			isa = XCBuildConfiguration;
			baseConfigurationReference = 8CCC7F2F69E219F823A27AF3 /* Pods-Parstagram-ParstagramUITests.release.xcconfig */;
			buildSettings = {
				ALWAYS_EMBED_SWIFT_STANDARD_LIBRARIES = YES;
				CODE_SIGN_STYLE = Automatic;
				CURRENT_PROJECT_VERSION = 1;
				DEVELOPMENT_TEAM = 87W74Y6HTP;
				GENERATE_INFOPLIST_FILE = YES;
				MARKETING_VERSION = 1.0;
				PRODUCT_BUNDLE_IDENTIFIER = com.cheahwh123.ParstagramUITests;
				PRODUCT_NAME = "$(TARGET_NAME)";
				SWIFT_EMIT_LOC_STRINGS = NO;
				SWIFT_VERSION = 5.0;
				TARGETED_DEVICE_FAMILY = "1,2";
				TEST_TARGET_NAME = Parstagram;
			};
			name = Release;
		};
/* End XCBuildConfiguration section */

/* Begin XCConfigurationList section */
		822A7E5727F0BF1B008BDB12 /* Build configuration list for PBXProject "Parstagram" */ = {
			isa = XCConfigurationList;
			buildConfigurations = (
				822A7E8427F0BF1D008BDB12 /* Debug */,
				822A7E8527F0BF1D008BDB12 /* Release */,
			);
			defaultConfigurationIsVisible = 0;
			defaultConfigurationName = Release;
		};
		822A7E8627F0BF1D008BDB12 /* Build configuration list for PBXNativeTarget "Parstagram" */ = {
			isa = XCConfigurationList;
			buildConfigurations = (
				822A7E8727F0BF1D008BDB12 /* Debug */,
				822A7E8827F0BF1D008BDB12 /* Release */,
			);
			defaultConfigurationIsVisible = 0;
			defaultConfigurationName = Release;
		};
		822A7E8927F0BF1D008BDB12 /* Build configuration list for PBXNativeTarget "ParstagramTests" */ = {
			isa = XCConfigurationList;
			buildConfigurations = (
				822A7E8A27F0BF1D008BDB12 /* Debug */,
				822A7E8B27F0BF1D008BDB12 /* Release */,
			);
			defaultConfigurationIsVisible = 0;
			defaultConfigurationName = Release;
		};
		822A7E8C27F0BF1D008BDB12 /* Build configuration list for PBXNativeTarget "ParstagramUITests" */ = {
			isa = XCConfigurationList;
			buildConfigurations = (
				822A7E8D27F0BF1D008BDB12 /* Debug */,
				822A7E8E27F0BF1D008BDB12 /* Release */,
			);
			defaultConfigurationIsVisible = 0;
			defaultConfigurationName = Release;
		};
/* End XCConfigurationList section */
	};
	rootObject = 822A7E5427F0BF1B008BDB12 /* Project object */;
}
